
Microsoft Visual Studio Solution File, Format Version 12.00
# Visual Studio Version 16
VisualStudioVersion = 16.0.31205.134
MinimumVisualStudioVersion = 10.0.40219.1
Project("{FAE04EC0-301F-11D3-BF4B-00C04F79EFBC}") = "TST_ASP_Auth_MySql", "TST_ASP_Auth_MySql\TST_ASP_Auth_MySql.csproj", "{2214863B-2ED0-4D22-867E-7A25BDD2E1BA}"
EndProject
Project("{E53339B2-1760-4266-BCC7-CA923CBCF16C}") = "docker-compose", "docker-compose.dcproj", "{09F4DF7A-631C-4AB8-B2ED-B35960070581}"
EndProject
Global
	GlobalSection(SolutionConfigurationPlatforms) = preSolution
		Debug|Any CPU = Debug|Any CPU
		Release|Any CPU = Release|Any CPU
	EndGlobalSection
	GlobalSection(ProjectConfigurationPlatforms) = postSolution
		{2214863B-2ED0-4D22-867E-7A25BDD2E1BA}.Debug|Any CPU.ActiveCfg = Debug|Any CPU
		{2214863B-2ED0-4D22-867E-7A25BDD2E1BA}.Debug|Any CPU.Build.0 = Debug|Any CPU
		{2214863B-2ED0-4D22-867E-7A25BDD2E1BA}.Release|Any CPU.ActiveCfg = Release|Any CPU
		{2214863B-2ED0-4D22-867E-7A25BDD2E1BA}.Release|Any CPU.Build.0 = Release|Any CPU
		{09F4DF7A-631C-4AB8-B2ED-B35960070581}.Debug|Any CPU.ActiveCfg = Debug|Any CPU
		{09F4DF7A-631C-4AB8-B2ED-B35960070581}.Debug|Any CPU.Build.0 = Debug|Any CPU
		{09F4DF7A-631C-4AB8-B2ED-B35960070581}.Release|Any CPU.ActiveCfg = Release|Any CPU
		{09F4DF7A-631C-4AB8-B2ED-B35960070581}.Release|Any CPU.Build.0 = Release|Any CPU
	EndGlobalSection
	GlobalSection(SolutionProperties) = preSolution
		HideSolutionNode = FALSE
	EndGlobalSection
	GlobalSection(ExtensibilityGlobals) = postSolution
		SolutionGuid = {A5BADD9E-6928-48E1-B32C-8068D19DC30D}
	EndGlobalSection
EndGlobal
